{
  "name": "specline",
  "version": "2.4.0",
  "lockfileVersion": 3,
  "requires": true,
  "packages": {
    "": {
      "name": "specline",
      "version": "2.4.0",
      "license": "MIT",
      "bin": {
        "specline": "cli.mjs"
      },
      "engines": {
        "node": ">=20.0.0"
      }
    }
  }
}
